
Microsoft Visual Studio Solution File, Format Version 12.00
Project("{FAE04EC0-301F-11D3-BF4B-00C04F79EFBC}") = "Illusion Script", "Illusion Script\Illusion Script.csproj", "{CAFF1B86-FB54-478F-B9EA-83052714B3F7}"
EndProject
Project("{FAE04EC0-301F-11D3-BF4B-00C04F79EFBC}") = "Illusion Script SDK", "Illusion Script SDK\Illusion Script SDK.csproj", "{02EC65DC-6015-4A5C-AD67-549F32421337}"
EndProject
Project("{FAE04EC0-301F-11D3-BF4B-00C04F79EFBC}") = "system", "system\system.csproj", "{33DBC4C6-C10A-4986-B6CD-6C86A902996B}"
EndProject
Global
	GlobalSection(SolutionConfigurationPlatforms) = preSolution
		Debug|Any CPU = Debug|Any CPU
		Release|Any CPU = Release|Any CPU
	EndGlobalSection
	GlobalSection(ProjectConfigurationPlatforms) = postSolution
		{CAFF1B86-FB54-478F-B9EA-83052714B3F7}.Debug|Any CPU.ActiveCfg = Debug|Any CPU
		{CAFF1B86-FB54-478F-B9EA-83052714B3F7}.Debug|Any CPU.Build.0 = Debug|Any CPU
		{CAFF1B86-FB54-478F-B9EA-83052714B3F7}.Release|Any CPU.ActiveCfg = Release|Any CPU
		{CAFF1B86-FB54-478F-B9EA-83052714B3F7}.Release|Any CPU.Build.0 = Release|Any CPU
		{02EC65DC-6015-4A5C-AD67-549F32421337}.Debug|Any CPU.ActiveCfg = Debug|Any CPU
		{02EC65DC-6015-4A5C-AD67-549F32421337}.Debug|Any CPU.Build.0 = Debug|Any CPU
		{02EC65DC-6015-4A5C-AD67-549F32421337}.Release|Any CPU.ActiveCfg = Release|Any CPU
		{02EC65DC-6015-4A5C-AD67-549F32421337}.Release|Any CPU.Build.0 = Release|Any CPU
		{33DBC4C6-C10A-4986-B6CD-6C86A902996B}.Debug|Any CPU.ActiveCfg = Debug|Any CPU
		{33DBC4C6-C10A-4986-B6CD-6C86A902996B}.Debug|Any CPU.Build.0 = Debug|Any CPU
		{33DBC4C6-C10A-4986-B6CD-6C86A902996B}.Release|Any CPU.ActiveCfg = Release|Any CPU
		{33DBC4C6-C10A-4986-B6CD-6C86A902996B}.Release|Any CPU.Build.0 = Release|Any CPU
	EndGlobalSection
EndGlobal
