
Microsoft Visual Studio Solution File, Format Version 12.00
Project("{FAE04EC0-301F-11D3-BF4B-00C04F79EFBC}") = "Illusion Script", "Illusion Script\Illusion Script.csproj", "{CAFF1B86-FB54-478F-B9EA-83052714B3F7}"
EndProject
Project("{FAE04EC0-301F-11D3-BF4B-00C04F79EFBC}") = "Illusion Script SDK", "Illusion Script SDK\Illusion Script SDK.csproj", "{02EC65DC-6015-4A5C-AD67-549F32421337}"
EndProject
Project("{FAE04EC0-301F-11D3-BF4B-00C04F79EFBC}") = "std", "std\std.csproj", "{03295EF5-822B-4F2D-BAEC-AAB61582FC3D}"
EndProject
Project("{FAE04EC0-301F-11D3-BF4B-00C04F79EFBC}") = "os", "os\os.csproj", "{AE6D0032-1534-4C92-873A-D305CC5FA75D}"
EndProject
Global
	GlobalSection(SolutionConfigurationPlatforms) = preSolution
		Debug|Any CPU = Debug|Any CPU
		Release|Any CPU = Release|Any CPU
	EndGlobalSection
	GlobalSection(ProjectConfigurationPlatforms) = postSolution
		{CAFF1B86-FB54-478F-B9EA-83052714B3F7}.Debug|Any CPU.ActiveCfg = Debug|Any CPU
		{CAFF1B86-FB54-478F-B9EA-83052714B3F7}.Debug|Any CPU.Build.0 = Debug|Any CPU
		{CAFF1B86-FB54-478F-B9EA-83052714B3F7}.Release|Any CPU.ActiveCfg = Release|Any CPU
		{CAFF1B86-FB54-478F-B9EA-83052714B3F7}.Release|Any CPU.Build.0 = Release|Any CPU
		{02EC65DC-6015-4A5C-AD67-549F32421337}.Debug|Any CPU.ActiveCfg = Debug|Any CPU
		{02EC65DC-6015-4A5C-AD67-549F32421337}.Debug|Any CPU.Build.0 = Debug|Any CPU
		{02EC65DC-6015-4A5C-AD67-549F32421337}.Release|Any CPU.ActiveCfg = Release|Any CPU
		{02EC65DC-6015-4A5C-AD67-549F32421337}.Release|Any CPU.Build.0 = Release|Any CPU
		{03295EF5-822B-4F2D-BAEC-AAB61582FC3D}.Debug|Any CPU.ActiveCfg = Debug|Any CPU
		{03295EF5-822B-4F2D-BAEC-AAB61582FC3D}.Debug|Any CPU.Build.0 = Debug|Any CPU
		{03295EF5-822B-4F2D-BAEC-AAB61582FC3D}.Release|Any CPU.ActiveCfg = Release|Any CPU
		{03295EF5-822B-4F2D-BAEC-AAB61582FC3D}.Release|Any CPU.Build.0 = Release|Any CPU
		{AE6D0032-1534-4C92-873A-D305CC5FA75D}.Debug|Any CPU.ActiveCfg = Debug|Any CPU
		{AE6D0032-1534-4C92-873A-D305CC5FA75D}.Debug|Any CPU.Build.0 = Debug|Any CPU
		{AE6D0032-1534-4C92-873A-D305CC5FA75D}.Release|Any CPU.ActiveCfg = Release|Any CPU
		{AE6D0032-1534-4C92-873A-D305CC5FA75D}.Release|Any CPU.Build.0 = Release|Any CPU
	EndGlobalSection
EndGlobal
